// !$*UTF8*$!
{
	archiveVersion = 1;
	classes = {
	};
	objectVersion = 46;
	objects = {

/* Begin PBXBuildFile section */
		60629169187FE553000C8900 /* Foundation.framework in Frameworks */ = {isa = PBXBuildFile; fileRef = 60629168187FE553000C8900 /* Foundation.framework */; };
		6062916B187FE553000C8900 /* CoreGraphics.framework in Frameworks */ = {isa = PBXBuildFile; fileRef = 6062916A187FE553000C8900 /* CoreGraphics.framework */; };
		6062916D187FE553000C8900 /* UIKit.framework in Frameworks */ = {isa = PBXBuildFile; fileRef = 6062916C187FE553000C8900 /* UIKit.framework */; };
		60629173187FE553000C8900 /* InfoPlist.strings in Resources */ = {isa = PBXBuildFile; fileRef = 60629171187FE553000C8900 /* InfoPlist.strings */; };
		60629175187FE553000C8900 /* main.m in Sources */ = {isa = PBXBuildFile; fileRef = 60629174187FE553000C8900 /* main.m */; };
		60629179187FE554000C8900 /* RRAppDelegate.m in Sources */ = {isa = PBXBuildFile; fileRef = 60629178187FE554000C8900 /* RRAppDelegate.m */; };
		6062917C187FE554000C8900 /* Main.storyboard in Resources */ = {isa = PBXBuildFile; fileRef = 6062917A187FE554000C8900 /* Main.storyboard */; };
		60629181187FE554000C8900 /* Images.xcassets in Resources */ = {isa = PBXBuildFile; fileRef = 60629180187FE554000C8900 /* Images.xcassets */; };
		60629188187FE554000C8900 /* XCTest.framework in Frameworks */ = {isa = PBXBuildFile; fileRef = 60629187187FE554000C8900 /* XCTest.framework */; };
		60629189187FE554000C8900 /* Foundation.framework in Frameworks */ = {isa = PBXBuildFile; fileRef = 60629168187FE553000C8900 /* Foundation.framework */; };
		6062918A187FE554000C8900 /* UIKit.framework in Frameworks */ = {isa = PBXBuildFile; fileRef = 6062916C187FE553000C8900 /* UIKit.framework */; };
		60629192187FE554000C8900 /* InfoPlist.strings in Resources */ = {isa = PBXBuildFile; fileRef = 60629190187FE554000C8900 /* InfoPlist.strings */; };
		60629194187FE554000C8900 /* RssReaderTests.m in Sources */ = {isa = PBXBuildFile; fileRef = 60629193187FE554000C8900 /* RssReaderTests.m */; };
		6062919F187FE58E000C8900 /* RRViewController.m in Sources */ = {isa = PBXBuildFile; fileRef = 6062919E187FE58E000C8900 /* RRViewController.m */; };
		606291A6187FEB81000C8900 /* RRRssEntryCell.m in Sources */ = {isa = PBXBuildFile; fileRef = 606291A5187FEB81000C8900 /* RRRssEntryCell.m */; };
		606291A9187FF0E5000C8900 /* RRRssFeed.m in Sources */ = {isa = PBXBuildFile; fileRef = 606291A8187FF0E5000C8900 /* RRRssFeed.m */; };
		606291AB187FF428000C8900 /* Security.framework in Frameworks */ = {isa = PBXBuildFile; fileRef = 606291AA187FF428000C8900 /* Security.framework */; };
		606291AD187FF42F000C8900 /* MobileCoreServices.framework in Frameworks */ = {isa = PBXBuildFile; fileRef = 606291AC187FF42F000C8900 /* MobileCoreServices.framework */; };
		606291C2187FF4FD000C8900 /* AFHTTPRequestOperation.m in Sources */ = {isa = PBXBuildFile; fileRef = 606291B0187FF4FC000C8900 /* AFHTTPRequestOperation.m */; };
		606291C3187FF4FD000C8900 /* AFHTTPRequestOperationManager.m in Sources */ = {isa = PBXBuildFile; fileRef = 606291B2187FF4FC000C8900 /* AFHTTPRequestOperationManager.m */; };
		606291C4187FF4FD000C8900 /* AFHTTPSessionManager.m in Sources */ = {isa = PBXBuildFile; fileRef = 606291B4187FF4FC000C8900 /* AFHTTPSessionManager.m */; };
		606291C5187FF4FD000C8900 /* AFNetworkReachabilityManager.m in Sources */ = {isa = PBXBuildFile; fileRef = 606291B7187FF4FC000C8900 /* AFNetworkReachabilityManager.m */; };
		606291C6187FF4FD000C8900 /* AFSecurityPolicy.m in Sources */ = {isa = PBXBuildFile; fileRef = 606291B9187FF4FC000C8900 /* AFSecurityPolicy.m */; };
		606291C7187FF4FD000C8900 /* AFURLConnectionOperation.m in Sources */ = {isa = PBXBuildFile; fileRef = 606291BB187FF4FC000C8900 /* AFURLConnectionOperation.m */; };
		606291C8187FF4FD000C8900 /* AFURLRequestSerialization.m in Sources */ = {isa = PBXBuildFile; fileRef = 606291BD187FF4FD000C8900 /* AFURLRequestSerialization.m */; };
		606291C9187FF4FD000C8900 /* AFURLResponseSerialization.m in Sources */ = {isa = PBXBuildFile; fileRef = 606291BF187FF4FD000C8900 /* AFURLResponseSerialization.m */; };
		606291CA187FF4FD000C8900 /* AFURLSessionManager.m in Sources */ = {isa = PBXBuildFile; fileRef = 606291C1187FF4FD000C8900 /* AFURLSessionManager.m */; };
		606291CC187FF566000C8900 /* SystemConfiguration.framework in Frameworks */ = {isa = PBXBuildFile; fileRef = 606291CB187FF566000C8900 /* SystemConfiguration.framework */; };
/* End PBXBuildFile section */

/* Begin PBXContainerItemProxy section */
		6062918B187FE554000C8900 /* PBXContainerItemProxy */ = {
			isa = PBXContainerItemProxy;
			containerPortal = 6062915D187FE553000C8900 /* Project object */;
			proxyType = 1;
			remoteGlobalIDString = 60629164187FE553000C8900;
			remoteInfo = RssReader;
		};
/* End PBXContainerItemProxy section */

/* Begin PBXFileReference section */
		60629165187FE553000C8900 /* RssReader.app */ = {isa = PBXFileReference; explicitFileType = wrapper.application; includeInIndex = 0; path = RssReader.app; sourceTree = BUILT_PRODUCTS_DIR; };
		60629168187FE553000C8900 /* Foundation.framework */ = {isa = PBXFileReference; lastKnownFileType = wrapper.framework; name = Foundation.framework; path = System/Library/Frameworks/Foundation.framework; sourceTree = SDKROOT; };
		6062916A187FE553000C8900 /* CoreGraphics.framework */ = {isa = PBXFileReference; lastKnownFileType = wrapper.framework; name = CoreGraphics.framework; path = System/Library/Frameworks/CoreGraphics.framework; sourceTree = SDKROOT; };
		6062916C187FE553000C8900 /* UIKit.framework */ = {isa = PBXFileReference; lastKnownFileType = wrapper.framework; name = UIKit.framework; path = System/Library/Frameworks/UIKit.framework; sourceTree = SDKROOT; };
		60629170187FE553000C8900 /* RssReader-Info.plist */ = {isa = PBXFileReference; lastKnownFileType = text.plist.xml; path = "RssReader-Info.plist"; sourceTree = "<group>"; };
		60629172187FE553000C8900 /* en */ = {isa = PBXFileReference; lastKnownFileType = text.plist.strings; name = en; path = en.lproj/InfoPlist.strings; sourceTree = "<group>"; };
		60629174187FE553000C8900 /* main.m */ = {isa = PBXFileReference; lastKnownFileType = sourcecode.c.objc; path = main.m; sourceTree = "<group>"; };
		60629176187FE553000C8900 /* RssReader-Prefix.pch */ = {isa = PBXFileReference; lastKnownFileType = sourcecode.c.h; path = "RssReader-Prefix.pch"; sourceTree = "<group>"; };
		60629177187FE553000C8900 /* RRAppDelegate.h */ = {isa = PBXFileReference; lastKnownFileType = sourcecode.c.h; path = RRAppDelegate.h; sourceTree = "<group>"; };
		60629178187FE554000C8900 /* RRAppDelegate.m */ = {isa = PBXFileReference; lastKnownFileType = sourcecode.c.objc; path = RRAppDelegate.m; sourceTree = "<group>"; };
		6062917B187FE554000C8900 /* Base */ = {isa = PBXFileReference; lastKnownFileType = file.storyboard; name = Base; path = Base.lproj/Main.storyboard; sourceTree = "<group>"; };
		60629180187FE554000C8900 /* Images.xcassets */ = {isa = PBXFileReference; lastKnownFileType = folder.assetcatalog; path = Images.xcassets; sourceTree = "<group>"; };
		60629186187FE554000C8900 /* RssReaderTests.xctest */ = {isa = PBXFileReference; explicitFileType = wrapper.cfbundle; includeInIndex = 0; path = RssReaderTests.xctest; sourceTree = BUILT_PRODUCTS_DIR; };
		60629187187FE554000C8900 /* XCTest.framework */ = {isa = PBXFileReference; lastKnownFileType = wrapper.framework; name = XCTest.framework; path = Library/Frameworks/XCTest.framework; sourceTree = DEVELOPER_DIR; };
		6062918F187FE554000C8900 /* RssReaderTests-Info.plist */ = {isa = PBXFileReference; lastKnownFileType = text.plist.xml; path = "RssReaderTests-Info.plist"; sourceTree = "<group>"; };
		60629191187FE554000C8900 /* en */ = {isa = PBXFileReference; lastKnownFileType = text.plist.strings; name = en; path = en.lproj/InfoPlist.strings; sourceTree = "<group>"; };
		60629193187FE554000C8900 /* RssReaderTests.m */ = {isa = PBXFileReference; lastKnownFileType = sourcecode.c.objc; path = RssReaderTests.m; sourceTree = "<group>"; };
		6062919D187FE58E000C8900 /* RRViewController.h */ = {isa = PBXFileReference; fileEncoding = 4; lastKnownFileType = sourcecode.c.h; name = RRViewController.h; path = ../RRViewController.h; sourceTree = "<group>"; };
		6062919E187FE58E000C8900 /* RRViewController.m */ = {isa = PBXFileReference; fileEncoding = 4; lastKnownFileType = sourcecode.c.objc; name = RRViewController.m; path = ../RRViewController.m; sourceTree = "<group>"; };
		606291A4187FEB81000C8900 /* RRRssEntryCell.h */ = {isa = PBXFileReference; fileEncoding = 4; lastKnownFileType = sourcecode.c.h; path = RRRssEntryCell.h; sourceTree = "<group>"; };
		606291A5187FEB81000C8900 /* RRRssEntryCell.m */ = {isa = PBXFileReference; fileEncoding = 4; lastKnownFileType = sourcecode.c.objc; path = RRRssEntryCell.m; sourceTree = "<group>"; };
		606291A7187FF0E5000C8900 /* RRRssFeed.h */ = {isa = PBXFileReference; fileEncoding = 4; lastKnownFileType = sourcecode.c.h; path = RRRssFeed.h; sourceTree = "<group>"; };
		606291A8187FF0E5000C8900 /* RRRssFeed.m */ = {isa = PBXFileReference; fileEncoding = 4; lastKnownFileType = sourcecode.c.objc; path = RRRssFeed.m; sourceTree = "<group>"; };
		606291AA187FF428000C8900 /* Security.framework */ = {isa = PBXFileReference; lastKnownFileType = wrapper.framework; name = Security.framework; path = System/Library/Frameworks/Security.framework; sourceTree = SDKROOT; };
		606291AC187FF42F000C8900 /* MobileCoreServices.framework */ = {isa = PBXFileReference; lastKnownFileType = wrapper.framework; name = MobileCoreServices.framework; path = System/Library/Frameworks/MobileCoreServices.framework; sourceTree = SDKROOT; };
		606291AF187FF4FC000C8900 /* AFHTTPRequestOperation.h */ = {isa = PBXFileReference; fileEncoding = 4; lastKnownFileType = sourcecode.c.h; path = AFHTTPRequestOperation.h; sourceTree = "<group>"; };
		606291B0187FF4FC000C8900 /* AFHTTPRequestOperation.m */ = {isa = PBXFileReference; fileEncoding = 4; lastKnownFileType = sourcecode.c.objc; path = AFHTTPRequestOperation.m; sourceTree = "<group>"; };
		606291B1187FF4FC000C8900 /* AFHTTPRequestOperationManager.h */ = {isa = PBXFileReference; fileEncoding = 4; lastKnownFileType = sourcecode.c.h; path = AFHTTPRequestOperationManager.h; sourceTree = "<group>"; };
		606291B2187FF4FC000C8900 /* AFHTTPRequestOperationManager.m */ = {isa = PBXFileReference; fileEncoding = 4; lastKnownFileType = sourcecode.c.objc; path = AFHTTPRequestOperationManager.m; sourceTree = "<group>"; };
		606291B3187FF4FC000C8900 /* AFHTTPSessionManager.h */ = {isa = PBXFileReference; fileEncoding = 4; lastKnownFileType = sourcecode.c.h; path = AFHTTPSessionManager.h; sourceTree = "<group>"; };
		606291B4187FF4FC000C8900 /* AFHTTPSessionManager.m */ = {isa = PBXFileReference; fileEncoding = 4; lastKnownFileType = sourcecode.c.objc; path = AFHTTPSessionManager.m; sourceTree = "<group>"; };
		606291B5187FF4FC000C8900 /* AFNetworking.h */ = {isa = PBXFileReference; fileEncoding = 4; lastKnownFileType = sourcecode.c.h; path = AFNetworking.h; sourceTree = "<group>"; };
		606291B6187FF4FC000C8900 /* AFNetworkReachabilityManager.h */ = {isa = PBXFileReference; fileEncoding = 4; lastKnownFileType = sourcecode.c.h; path = AFNetworkReachabilityManager.h; sourceTree = "<group>"; };
		606291B7187FF4FC000C8900 /* AFNetworkReachabilityManager.m */ = {isa = PBXFileReference; fileEncoding = 4; lastKnownFileType = sourcecode.c.objc; path = AFNetworkReachabilityManager.m; sourceTree = "<group>"; };
		606291B8187FF4FC000C8900 /* AFSecurityPolicy.h */ = {isa = PBXFileReference; fileEncoding = 4; lastKnownFileType = sourcecode.c.h; path = AFSecurityPolicy.h; sourceTree = "<group>"; };
		606291B9187FF4FC000C8900 /* AFSecurityPolicy.m */ = {isa = PBXFileReference; fileEncoding = 4; lastKnownFileType = sourcecode.c.objc; path = AFSecurityPolicy.m; sourceTree = "<group>"; };
		606291BA187FF4FC000C8900 /* AFURLConnectionOperation.h */ = {isa = PBXFileReference; fileEncoding = 4; lastKnownFileType = sourcecode.c.h; path = AFURLConnectionOperation.h; sourceTree = "<group>"; };
		606291BB187FF4FC000C8900 /* AFURLConnectionOperation.m */ = {isa = PBXFileReference; fileEncoding = 4; lastKnownFileType = sourcecode.c.objc; path = AFURLConnectionOperation.m; sourceTree = "<group>"; };
		606291BC187FF4FC000C8900 /* AFURLRequestSerialization.h */ = {isa = PBXFileReference; fileEncoding = 4; lastKnownFileType = sourcecode.c.h; path = AFURLRequestSerialization.h; sourceTree = "<group>"; };
		606291BD187FF4FD000C8900 /* AFURLRequestSerialization.m */ = {isa = PBXFileReference; fileEncoding = 4; lastKnownFileType = sourcecode.c.objc; path = AFURLRequestSerialization.m; sourceTree = "<group>"; };
		606291BE187FF4FD000C8900 /* AFURLResponseSerialization.h */ = {isa = PBXFileReference; fileEncoding = 4; lastKnownFileType = sourcecode.c.h; path = AFURLResponseSerialization.h; sourceTree = "<group>"; };
		606291BF187FF4FD000C8900 /* AFURLResponseSerialization.m */ = {isa = PBXFileReference; fileEncoding = 4; lastKnownFileType = sourcecode.c.objc; path = AFURLResponseSerialization.m; sourceTree = "<group>"; };
		606291C0187FF4FD000C8900 /* AFURLSessionManager.h */ = {isa = PBXFileReference; fileEncoding = 4; lastKnownFileType = sourcecode.c.h; path = AFURLSessionManager.h; sourceTree = "<group>"; };
		606291C1187FF4FD000C8900 /* AFURLSessionManager.m */ = {isa = PBXFileReference; fileEncoding = 4; lastKnownFileType = sourcecode.c.objc; path = AFURLSessionManager.m; sourceTree = "<group>"; };
		606291CB187FF566000C8900 /* SystemConfiguration.framework */ = {isa = PBXFileReference; lastKnownFileType = wrapper.framework; name = SystemConfiguration.framework; path = System/Library/Frameworks/SystemConfiguration.framework; sourceTree = SDKROOT; };
/* End PBXFileReference section */

/* Begin PBXFrameworksBuildPhase section */
		60629162187FE553000C8900 /* Frameworks */ = {
			isa = PBXFrameworksBuildPhase;
			buildActionMask = 2147483647;
			files = (
				606291CC187FF566000C8900 /* SystemConfiguration.framework in Frameworks */,
				606291AD187FF42F000C8900 /* MobileCoreServices.framework in Frameworks */,
				606291AB187FF428000C8900 /* Security.framework in Frameworks */,
				6062916B187FE553000C8900 /* CoreGraphics.framework in Frameworks */,
				6062916D187FE553000C8900 /* UIKit.framework in Frameworks */,
				60629169187FE553000C8900 /* Foundation.framework in Frameworks */,
			);
			runOnlyForDeploymentPostprocessing = 0;
		};
		60629183187FE554000C8900 /* Frameworks */ = {
			isa = PBXFrameworksBuildPhase;
			buildActionMask = 2147483647;
			files = (
				60629188187FE554000C8900 /* XCTest.framework in Frameworks */,
				6062918A187FE554000C8900 /* UIKit.framework in Frameworks */,
				60629189187FE554000C8900 /* Foundation.framework in Frameworks */,
			);
			runOnlyForDeploymentPostprocessing = 0;
		};
/* End PBXFrameworksBuildPhase section */

/* Begin PBXGroup section */
		6062915C187FE553000C8900 = {
			isa = PBXGroup;
			children = (
				606291AE187FF4FC000C8900 /* AFNetworking */,
				6062916E187FE553000C8900 /* RssReader */,
				6062918D187FE554000C8900 /* RssReaderTests */,
				60629167187FE553000C8900 /* Frameworks */,
				60629166187FE553000C8900 /* Products */,
			);
			sourceTree = "<group>";
		};
		60629166187FE553000C8900 /* Products */ = {
			isa = PBXGroup;
			children = (
				60629165187FE553000C8900 /* RssReader.app */,
				60629186187FE554000C8900 /* RssReaderTests.xctest */,
			);
			name = Products;
			sourceTree = "<group>";
		};
		60629167187FE553000C8900 /* Frameworks */ = {
			isa = PBXGroup;
			children = (
				606291CB187FF566000C8900 /* SystemConfiguration.framework */,
				606291AC187FF42F000C8900 /* MobileCoreServices.framework */,
				606291AA187FF428000C8900 /* Security.framework */,
				60629168187FE553000C8900 /* Foundation.framework */,
				6062916A187FE553000C8900 /* CoreGraphics.framework */,
				6062916C187FE553000C8900 /* UIKit.framework */,
				60629187187FE554000C8900 /* XCTest.framework */,
			);
			name = Frameworks;
			sourceTree = "<group>";
		};
		6062916E187FE553000C8900 /* RssReader */ = {
			isa = PBXGroup;
			children = (
				60629177187FE553000C8900 /* RRAppDelegate.h */,
				60629178187FE554000C8900 /* RRAppDelegate.m */,
				6062917A187FE554000C8900 /* Main.storyboard */,
				6062919D187FE58E000C8900 /* RRViewController.h */,
				6062919E187FE58E000C8900 /* RRViewController.m */,
				606291A7187FF0E5000C8900 /* RRRssFeed.h */,
				606291A8187FF0E5000C8900 /* RRRssFeed.m */,
				606291A4187FEB81000C8900 /* RRRssEntryCell.h */,
				606291A5187FEB81000C8900 /* RRRssEntryCell.m */,
				60629180187FE554000C8900 /* Images.xcassets */,
				6062916F187FE553000C8900 /* Supporting Files */,
			);
			path = RssReader;
			sourceTree = "<group>";
		};
		6062916F187FE553000C8900 /* Supporting Files */ = {
			isa = PBXGroup;
			children = (
				60629170187FE553000C8900 /* RssReader-Info.plist */,
				60629171187FE553000C8900 /* InfoPlist.strings */,
				60629174187FE553000C8900 /* main.m */,
				60629176187FE553000C8900 /* RssReader-Prefix.pch */,
			);
			name = "Supporting Files";
			sourceTree = "<group>";
		};
		6062918D187FE554000C8900 /* RssReaderTests */ = {
			isa = PBXGroup;
			children = (
				60629193187FE554000C8900 /* RssReaderTests.m */,
				6062918E187FE554000C8900 /* Supporting Files */,
			);
			path = RssReaderTests;
			sourceTree = "<group>";
		};
		6062918E187FE554000C8900 /* Supporting Files */ = {
			isa = PBXGroup;
			children = (
				6062918F187FE554000C8900 /* RssReaderTests-Info.plist */,
				60629190187FE554000C8900 /* InfoPlist.strings */,
			);
			name = "Supporting Files";
			sourceTree = "<group>";
		};
		606291AE187FF4FC000C8900 /* AFNetworking */ = {
			isa = PBXGroup;
			children = (
				606291AF187FF4FC000C8900 /* AFHTTPRequestOperation.h */,
				606291B0187FF4FC000C8900 /* AFHTTPRequestOperation.m */,
				606291B1187FF4FC000C8900 /* AFHTTPRequestOperationManager.h */,
				606291B2187FF4FC000C8900 /* AFHTTPRequestOperationManager.m */,
				606291B3187FF4FC000C8900 /* AFHTTPSessionManager.h */,
				606291B4187FF4FC000C8900 /* AFHTTPSessionManager.m */,
				606291B5187FF4FC000C8900 /* AFNetworking.h */,
				606291B6187FF4FC000C8900 /* AFNetworkReachabilityManager.h */,
				606291B7187FF4FC000C8900 /* AFNetworkReachabilityManager.m */,
				606291B8187FF4FC000C8900 /* AFSecurityPolicy.h */,
				606291B9187FF4FC000C8900 /* AFSecurityPolicy.m */,
				606291BA187FF4FC000C8900 /* AFURLConnectionOperation.h */,
				606291BB187FF4FC000C8900 /* AFURLConnectionOperation.m */,
				606291BC187FF4FC000C8900 /* AFURLRequestSerialization.h */,
				606291BD187FF4FD000C8900 /* AFURLRequestSerialization.m */,
				606291BE187FF4FD000C8900 /* AFURLResponseSerialization.h */,
				606291BF187FF4FD000C8900 /* AFURLResponseSerialization.m */,
				606291C0187FF4FD000C8900 /* AFURLSessionManager.h */,
				606291C1187FF4FD000C8900 /* AFURLSessionManager.m */,
			);
			path = AFNetworking;
			sourceTree = "<group>";
		};
/* End PBXGroup section */

/* Begin PBXNativeTarget section */
		60629164187FE553000C8900 /* RssReader */ = {
			isa = PBXNativeTarget;
			buildConfigurationList = 60629197187FE554000C8900 /* Build configuration list for PBXNativeTarget "RssReader" */;
			buildPhases = (
				60629161187FE553000C8900 /* Sources */,
				60629162187FE553000C8900 /* Frameworks */,
				60629163187FE553000C8900 /* Resources */,
			);
			buildRules = (
			);
			dependencies = (
			);
			name = RssReader;
			productName = RssReader;
			productReference = 60629165187FE553000C8900 /* RssReader.app */;
			productType = "com.apple.product-type.application";
		};
		60629185187FE554000C8900 /* RssReaderTests */ = {
			isa = PBXNativeTarget;
			buildConfigurationList = 6062919A187FE554000C8900 /* Build configuration list for PBXNativeTarget "RssReaderTests" */;
			buildPhases = (
				60629182187FE554000C8900 /* Sources */,
				60629183187FE554000C8900 /* Frameworks */,
				60629184187FE554000C8900 /* Resources */,
			);
			buildRules = (
			);
			dependencies = (
				6062918C187FE554000C8900 /* PBXTargetDependency */,
			);
			name = RssReaderTests;
			productName = RssReaderTests;
			productReference = 60629186187FE554000C8900 /* RssReaderTests.xctest */;
			productType = "com.apple.product-type.bundle.unit-test";
		};
/* End PBXNativeTarget section */

/* Begin PBXProject section */
		6062915D187FE553000C8900 /* Project object */ = {
			isa = PBXProject;
			attributes = {
				CLASSPREFIX = RR;
				LastUpgradeCheck = 0500;
				ORGANIZATIONNAME = "Aci Cartagena";
				TargetAttributes = {
					60629185187FE554000C8900 = {
						TestTargetID = 60629164187FE553000C8900;
					};
				};
			};
			buildConfigurationList = 60629160187FE553000C8900 /* Build configuration list for PBXProject "RssReader" */;
			compatibilityVersion = "Xcode 3.2";
			developmentRegion = English;
			hasScannedForEncodings = 0;
			knownRegions = (
				en,
				Base,
			);
			mainGroup = 6062915C187FE553000C8900;
			productRefGroup = 60629166187FE553000C8900 /* Products */;
			projectDirPath = "";
			projectRoot = "";
			targets = (
				60629164187FE553000C8900 /* RssReader */,
				60629185187FE554000C8900 /* RssReaderTests */,
			);
		};
/* End PBXProject section */

/* Begin PBXResourcesBuildPhase section */
		60629163187FE553000C8900 /* Resources */ = {
			isa = PBXResourcesBuildPhase;
			buildActionMask = 2147483647;
			files = (
				60629181187FE554000C8900 /* Images.xcassets in Resources */,
				60629173187FE553000C8900 /* InfoPlist.strings in Resources */,
				6062917C187FE554000C8900 /* Main.storyboard in Resources */,
			);
			runOnlyForDeploymentPostprocessing = 0;
		};
		60629184187FE554000C8900 /* Resources */ = {
			isa = PBXResourcesBuildPhase;
			buildActionMask = 2147483647;
			files = (
				60629192187FE554000C8900 /* InfoPlist.strings in Resources */,
			);
			runOnlyForDeploymentPostprocessing = 0;
		};
/* End PBXResourcesBuildPhase section */

/* Begin PBXSourcesBuildPhase section */
		60629161187FE553000C8900 /* Sources */ = {
			isa = PBXSourcesBuildPhase;
			buildActionMask = 2147483647;
			files = (
				606291C7187FF4FD000C8900 /* AFURLConnectionOperation.m in Sources */,
				606291C2187FF4FD000C8900 /* AFHTTPRequestOperation.m in Sources */,
				606291C5187FF4FD000C8900 /* AFNetworkReachabilityManager.m in Sources */,
				606291CA187FF4FD000C8900 /* AFURLSessionManager.m in Sources */,
				606291C8187FF4FD000C8900 /* AFURLRequestSerialization.m in Sources */,
				6062919F187FE58E000C8900 /* RRViewController.m in Sources */,
				606291C9187FF4FD000C8900 /* AFURLResponseSerialization.m in Sources */,
				60629179187FE554000C8900 /* RRAppDelegate.m in Sources */,
				606291A9187FF0E5000C8900 /* RRRssFeed.m in Sources */,
				606291C3187FF4FD000C8900 /* AFHTTPRequestOperationManager.m in Sources */,
				606291C6187FF4FD000C8900 /* AFSecurityPolicy.m in Sources */,
				606291A6187FEB81000C8900 /* RRRssEntryCell.m in Sources */,
				60629175187FE553000C8900 /* main.m in Sources */,
				606291C4187FF4FD000C8900 /* AFHTTPSessionManager.m in Sources */,
			);
			runOnlyForDeploymentPostprocessing = 0;
		};
		60629182187FE554000C8900 /* Sources */ = {
			isa = PBXSourcesBuildPhase;
			buildActionMask = 2147483647;
			files = (
				60629194187FE554000C8900 /* RssReaderTests.m in Sources */,
			);
			runOnlyForDeploymentPostprocessing = 0;
		};
/* End PBXSourcesBuildPhase section */

/* Begin PBXTargetDependency section */
		6062918C187FE554000C8900 /* PBXTargetDependency */ = {
			isa = PBXTargetDependency;
			target = 60629164187FE553000C8900 /* RssReader */;
			targetProxy = 6062918B187FE554000C8900 /* PBXContainerItemProxy */;
		};
/* End PBXTargetDependency section */

/* Begin PBXVariantGroup section */
		60629171187FE553000C8900 /* InfoPlist.strings */ = {
			isa = PBXVariantGroup;
			children = (
				60629172187FE553000C8900 /* en */,
			);
			name = InfoPlist.strings;
			sourceTree = "<group>";
		};
		6062917A187FE554000C8900 /* Main.storyboard */ = {
			isa = PBXVariantGroup;
			children = (
				6062917B187FE554000C8900 /* Base */,
			);
			name = Main.storyboard;
			sourceTree = "<group>";
		};
		60629190187FE554000C8900 /* InfoPlist.strings */ = {
			isa = PBXVariantGroup;
			children = (
				60629191187FE554000C8900 /* en */,
			);
			name = InfoPlist.strings;
			sourceTree = "<group>";
		};
/* End PBXVariantGroup section */

/* Begin XCBuildConfiguration section */
		60629195187FE554000C8900 /* Debug */ = {
			isa = XCBuildConfiguration;
			buildSettings = {
				ALWAYS_SEARCH_USER_PATHS = NO;
				ARCHS = "$(ARCHS_STANDARD_INCLUDING_64_BIT)";
				CLANG_CXX_LANGUAGE_STANDARD = "gnu++0x";
				CLANG_CXX_LIBRARY = "libc++";
				CLANG_ENABLE_MODULES = YES;
				CLANG_ENABLE_OBJC_ARC = YES;
				CLANG_WARN_BOOL_CONVERSION = YES;
				CLANG_WARN_CONSTANT_CONVERSION = YES;
				CLANG_WARN_DIRECT_OBJC_ISA_USAGE = YES_ERROR;
				CLANG_WARN_EMPTY_BODY = YES;
				CLANG_WARN_ENUM_CONVERSION = YES;
				CLANG_WARN_INT_CONVERSION = YES;
				CLANG_WARN_OBJC_ROOT_CLASS = YES_ERROR;
				CLANG_WARN__DUPLICATE_METHOD_MATCH = YES;
				"CODE_SIGN_IDENTITY[sdk=iphoneos*]" = "iPhone Developer";
				COPY_PHASE_STRIP = NO;
				GCC_C_LANGUAGE_STANDARD = gnu99;
				GCC_DYNAMIC_NO_PIC = NO;
				GCC_OPTIMIZATION_LEVEL = 0;
				GCC_PREPROCESSOR_DEFINITIONS = (
					"DEBUG=1",
					"$(inherited)",
				);
				GCC_SYMBOLS_PRIVATE_EXTERN = NO;
				GCC_WARN_64_TO_32_BIT_CONVERSION = YES;
				GCC_WARN_ABOUT_RETURN_TYPE = YES_ERROR;
				GCC_WARN_UNDECLARED_SELECTOR = YES;
				GCC_WARN_UNINITIALIZED_AUTOS = YES;
				GCC_WARN_UNUSED_FUNCTION = YES;
				GCC_WARN_UNUSED_VARIABLE = YES;
				IPHONEOS_DEPLOYMENT_TARGET = 7.0;
				ONLY_ACTIVE_ARCH = YES;
				SDKROOT = iphoneos;
			};
			name = Debug;
		};
		60629196187FE554000C8900 /* Release */ = {
			isa = XCBuildConfiguration;
			buildSettings = {
				ALWAYS_SEARCH_USER_PATHS = NO;
				ARCHS = "$(ARCHS_STANDARD_INCLUDING_64_BIT)";
				CLANG_CXX_LANGUAGE_STANDARD = "gnu++0x";
				CLANG_CXX_LIBRARY = "libc++";
				CLANG_ENABLE_MODULES = YES;
				CLANG_ENABLE_OBJC_ARC = YES;
				CLANG_WARN_BOOL_CONVERSION = YES;
				CLANG_WARN_CONSTANT_CONVERSION = YES;
				CLANG_WARN_DIRECT_OBJC_ISA_USAGE = YES_ERROR;
				CLANG_WARN_EMPTY_BODY = YES;
				CLANG_WARN_ENUM_CONVERSION = YES;
				CLANG_WARN_INT_CONVERSION = YES;
				CLANG_WARN_OBJC_ROOT_CLASS = YES_ERROR;
				CLANG_WARN__DUPLICATE_METHOD_MATCH = YES;
				"CODE_SIGN_IDENTITY[sdk=iphoneos*]" = "iPhone Developer";
				COPY_PHASE_STRIP = YES;
				ENABLE_NS_ASSERTIONS = NO;
				GCC_C_LANGUAGE_STANDARD = gnu99;
				GCC_WARN_64_TO_32_BIT_CONVERSION = YES;
				GCC_WARN_ABOUT_RETURN_TYPE = YES_ERROR;
				GCC_WARN_UNDECLARED_SELECTOR = YES;
				GCC_WARN_UNINITIALIZED_AUTOS = YES;
				GCC_WARN_UNUSED_FUNCTION = YES;
				GCC_WARN_UNUSED_VARIABLE = YES;
				IPHONEOS_DEPLOYMENT_TARGET = 7.0;
				SDKROOT = iphoneos;
				VALIDATE_PRODUCT = YES;
			};
			name = Release;
		};
		60629198187FE554000C8900 /* Debug */ = {
			isa = XCBuildConfiguration;
			buildSettings = {
				ASSETCATALOG_COMPILER_APPICON_NAME = AppIcon;
				ASSETCATALOG_COMPILER_LAUNCHIMAGE_NAME = LaunchImage;
				GCC_PRECOMPILE_PREFIX_HEADER = YES;
				GCC_PREFIX_HEADER = "RssReader/RssReader-Prefix.pch";
				INFOPLIST_FILE = "RssReader/RssReader-Info.plist";
				PRODUCT_NAME = "$(TARGET_NAME)";
				WRAPPER_EXTENSION = app;
			};
			name = Debug;
		};
		60629199187FE554000C8900 /* Release */ = {
			isa = XCBuildConfiguration;
			buildSettings = {
				ASSETCATALOG_COMPILER_APPICON_NAME = AppIcon;
				ASSETCATALOG_COMPILER_LAUNCHIMAGE_NAME = LaunchImage;
				GCC_PRECOMPILE_PREFIX_HEADER = YES;
				GCC_PREFIX_HEADER = "RssReader/RssReader-Prefix.pch";
				INFOPLIST_FILE = "RssReader/RssReader-Info.plist";
				PRODUCT_NAME = "$(TARGET_NAME)";
				WRAPPER_EXTENSION = app;
			};
			name = Release;
		};
		6062919B187FE554000C8900 /* Debug */ = {
			isa = XCBuildConfiguration;
			buildSettings = {
				ARCHS = "$(ARCHS_STANDARD_INCLUDING_64_BIT)";
				BUNDLE_LOADER = "$(BUILT_PRODUCTS_DIR)/RssReader.app/RssReader";
				FRAMEWORK_SEARCH_PATHS = (
					"$(SDKROOT)/Developer/Library/Frameworks",
					"$(inherited)",
					"$(DEVELOPER_FRAMEWORKS_DIR)",
				);
				GCC_PRECOMPILE_PREFIX_HEADER = YES;
				GCC_PREFIX_HEADER = "RssReader/RssReader-Prefix.pch";
				GCC_PREPROCESSOR_DEFINITIONS = (
					"DEBUG=1",
					"$(inherited)",
				);
				INFOPLIST_FILE = "RssReaderTests/RssReaderTests-Info.plist";
				PRODUCT_NAME = "$(TARGET_NAME)";
				TEST_HOST = "$(BUNDLE_LOADER)";
				WRAPPER_EXTENSION = xctest;
			};
			name = Debug;
		};
		6062919C187FE554000C8900 /* Release */ = {
			isa = XCBuildConfiguration;
			buildSettings = {
				ARCHS = "$(ARCHS_STANDARD_INCLUDING_64_BIT)";
				BUNDLE_LOADER = "$(BUILT_PRODUCTS_DIR)/RssReader.app/RssReader";
				FRAMEWORK_SEARCH_PATHS = (
					"$(SDKROOT)/Developer/Library/Frameworks",
					"$(inherited)",
					"$(DEVELOPER_FRAMEWORKS_DIR)",
				);
				GCC_PRECOMPILE_PREFIX_HEADER = YES;
				GCC_PREFIX_HEADER = "RssReader/RssReader-Prefix.pch";
				INFOPLIST_FILE = "RssReaderTests/RssReaderTests-Info.plist";
				PRODUCT_NAME = "$(TARGET_NAME)";
				TEST_HOST = "$(BUNDLE_LOADER)";
				WRAPPER_EXTENSION = xctest;
			};
			name = Release;
		};
/* End XCBuildConfiguration section */

/* Begin XCConfigurationList section */
		60629160187FE553000C8900 /* Build configuration list for PBXProject "RssReader" */ = {
			isa = XCConfigurationList;
			buildConfigurations = (
				60629195187FE554000C8900 /* Debug */,
				60629196187FE554000C8900 /* Release */,
			);
			defaultConfigurationIsVisible = 0;
			defaultConfigurationName = Release;
		};
		60629197187FE554000C8900 /* Build configuration list for PBXNativeTarget "RssReader" */ = {
			isa = XCConfigurationList;
			buildConfigurations = (
				60629198187FE554000C8900 /* Debug */,
				60629199187FE554000C8900 /* Release */,
			);
			defaultConfigurationIsVisible = 0;
		};
		6062919A187FE554000C8900 /* Build configuration list for PBXNativeTarget "RssReaderTests" */ = {
			isa = XCConfigurationList;
			buildConfigurations = (
				6062919B187FE554000C8900 /* Debug */,
				6062919C187FE554000C8900 /* Release */,
			);
			defaultConfigurationIsVisible = 0;
		};
/* End XCConfigurationList section */
	};
	rootObject = 6062915D187FE553000C8900 /* Project object */;
}
